// !$*UTF8*$!
{
	archiveVersion = 1;
	classes = {
	};
	objectVersion = 50;
	objects = {

/* Begin PBXBuildFile section */
		BAF7B239467AAAA832796231 /* Pods_weather.framework in Frameworks */ = {isa = PBXBuildFile; fileRef = B868C3998C1469CA2213E865 /* Pods_weather.framework */; };
		E1193CAF222ECB6B00FFA98C /* AppDelegate.swift in Sources */ = {isa = PBXBuildFile; fileRef = E1193CAE222ECB6B00FFA98C /* AppDelegate.swift */; };
		E1193CB1222ECB6B00FFA98C /* ViewController.swift in Sources */ = {isa = PBXBuildFile; fileRef = E1193CB0222ECB6B00FFA98C /* ViewController.swift */; };
		E1193CB4222ECB6B00FFA98C /* Main.storyboard in Resources */ = {isa = PBXBuildFile; fileRef = E1193CB2222ECB6B00FFA98C /* Main.storyboard */; };
		E1193CB6222ECB6C00FFA98C /* Assets.xcassets in Resources */ = {isa = PBXBuildFile; fileRef = E1193CB5222ECB6C00FFA98C /* Assets.xcassets */; };
		E1193CB9222ECB6C00FFA98C /* LaunchScreen.storyboard in Resources */ = {isa = PBXBuildFile; fileRef = E1193CB7222ECB6C00FFA98C /* LaunchScreen.storyboard */; };
		E123418E2252702300591936 /* weatherf.swift in Sources */ = {isa = PBXBuildFile; fileRef = E123418D2252702300591936 /* weatherf.swift */; };
		E12341902252702300591936 /* location.swift in Sources */ = {isa = PBXBuildFile; fileRef = E123418F2252702300591936 /* location.swift */; };
		E124D0C1224AE4E60025CCB0 /* secondViewController.swift in Sources */ = {isa = PBXBuildFile; fileRef = E124D0C0224AE4E60025CCB0 /* secondViewController.swift */; };
		E12F1B9E22476CA800B99338 /* TableCellTableViewCell.swift in Sources */ = {isa = PBXBuildFile; fileRef = E12F1B9D22476CA800B99338 /* TableCellTableViewCell.swift */; };
		E1CBF4A32248A84C0083C63B /* TableViewController.swift in Sources */ = {isa = PBXBuildFile; fileRef = E1CBF4A22248A84C0083C63B /* TableViewController.swift */; };
/* End PBXBuildFile section */

/* Begin PBXFileReference section */
		AEBBD61486E015CFB63C8FCD /* Pods-weather.debug.xcconfig */ = {isa = PBXFileReference; includeInIndex = 1; lastKnownFileType = text.xcconfig; name = "Pods-weather.debug.xcconfig"; path = "Target Support Files/Pods-weather/Pods-weather.debug.xcconfig"; sourceTree = "<group>"; };
		B868C3998C1469CA2213E865 /* Pods_weather.framework */ = {isa = PBXFileReference; explicitFileType = wrapper.framework; includeInIndex = 0; path = Pods_weather.framework; sourceTree = BUILT_PRODUCTS_DIR; };
		E1193CAB222ECB6B00FFA98C /* weather.app */ = {isa = PBXFileReference; explicitFileType = wrapper.application; includeInIndex = 0; path = weather.app; sourceTree = BUILT_PRODUCTS_DIR; };
		E1193CAE222ECB6B00FFA98C /* AppDelegate.swift */ = {isa = PBXFileReference; lastKnownFileType = sourcecode.swift; path = AppDelegate.swift; sourceTree = "<group>"; };
		E1193CB0222ECB6B00FFA98C /* ViewController.swift */ = {isa = PBXFileReference; lastKnownFileType = sourcecode.swift; path = ViewController.swift; sourceTree = "<group>"; };
		E1193CB3222ECB6B00FFA98C /* Base */ = {isa = PBXFileReference; lastKnownFileType = file.storyboard; name = Base; path = Base.lproj/Main.storyboard; sourceTree = "<group>"; };
		E1193CB5222ECB6C00FFA98C /* Assets.xcassets */ = {isa = PBXFileReference; lastKnownFileType = folder.assetcatalog; path = Assets.xcassets; sourceTree = "<group>"; };
		E1193CB8222ECB6C00FFA98C /* Base */ = {isa = PBXFileReference; lastKnownFileType = file.storyboard; name = Base; path = Base.lproj/LaunchScreen.storyboard; sourceTree = "<group>"; };
		E1193CBA222ECB6C00FFA98C /* Info.plist */ = {isa = PBXFileReference; lastKnownFileType = text.plist.xml; path = Info.plist; sourceTree = "<group>"; };
		E123418D2252702300591936 /* weatherf.swift */ = {isa = PBXFileReference; lastKnownFileType = sourcecode.swift; path = weatherf.swift; sourceTree = "<group>"; };
		E123418F2252702300591936 /* location.swift */ = {isa = PBXFileReference; lastKnownFileType = sourcecode.swift; path = location.swift; sourceTree = "<group>"; };
		E124D0C0224AE4E60025CCB0 /* secondViewController.swift */ = {isa = PBXFileReference; lastKnownFileType = sourcecode.swift; path = secondViewController.swift; sourceTree = "<group>"; };
		E12F1B9D22476CA800B99338 /* TableCellTableViewCell.swift */ = {isa = PBXFileReference; lastKnownFileType = sourcecode.swift; path = TableCellTableViewCell.swift; sourceTree = "<group>"; };
		E1CBF4A22248A84C0083C63B /* TableViewController.swift */ = {isa = PBXFileReference; lastKnownFileType = sourcecode.swift; path = TableViewController.swift; sourceTree = "<group>"; };
		E6FA51BE426EF4885EFBA5D9 /* Pods-weather.release.xcconfig */ = {isa = PBXFileReference; includeInIndex = 1; lastKnownFileType = text.xcconfig; name = "Pods-weather.release.xcconfig"; path = "Target Support Files/Pods-weather/Pods-weather.release.xcconfig"; sourceTree = "<group>"; };
/* End PBXFileReference section */

/* Begin PBXFrameworksBuildPhase section */
		E1193CA8222ECB6B00FFA98C /* Frameworks */ = {
			isa = PBXFrameworksBuildPhase;
			buildActionMask = 2147483647;
			files = (
				BAF7B239467AAAA832796231 /* Pods_weather.framework in Frameworks */,
			);
			runOnlyForDeploymentPostprocessing = 0;
		};
/* End PBXFrameworksBuildPhase section */

/* Begin PBXGroup section */
		0D2CFB673C18BECBA3418396 /* Frameworks */ = {
			isa = PBXGroup;
			children = (
				B868C3998C1469CA2213E865 /* Pods_weather.framework */,
			);
			name = Frameworks;
			sourceTree = "<group>";
		};
		C95114839D29DB0E0FB167DA /* Pods */ = {
			isa = PBXGroup;
			children = (
				AEBBD61486E015CFB63C8FCD /* Pods-weather.debug.xcconfig */,
				E6FA51BE426EF4885EFBA5D9 /* Pods-weather.release.xcconfig */,
			);
			path = Pods;
			sourceTree = "<group>";
		};
		E1193CA2222ECB6B00FFA98C = {
			isa = PBXGroup;
			children = (
				E1193CAD222ECB6B00FFA98C /* weather */,
				E1193CAC222ECB6B00FFA98C /* Products */,
				C95114839D29DB0E0FB167DA /* Pods */,
				0D2CFB673C18BECBA3418396 /* Frameworks */,
			);
			sourceTree = "<group>";
		};
		E1193CAC222ECB6B00FFA98C /* Products */ = {
			isa = PBXGroup;
			children = (
				E1193CAB222ECB6B00FFA98C /* weather.app */,
			);
			name = Products;
			sourceTree = "<group>";
		};
		E1193CAD222ECB6B00FFA98C /* weather */ = {
			isa = PBXGroup;
			children = (
				E1CBF4A22248A84C0083C63B /* TableViewController.swift */,
				E12F1B9D22476CA800B99338 /* TableCellTableViewCell.swift */,
				E1193CAE222ECB6B00FFA98C /* AppDelegate.swift */,
				E1193CB0222ECB6B00FFA98C /* ViewController.swift */,
				E1193CB2222ECB6B00FFA98C /* Main.storyboard */,
				E1193CB5222ECB6C00FFA98C /* Assets.xcassets */,
				E1193CB7222ECB6C00FFA98C /* LaunchScreen.storyboard */,
				E1193CBA222ECB6C00FFA98C /* Info.plist */,
				E124D0C0224AE4E60025CCB0 /* secondViewController.swift */,
				E123418D2252702300591936 /* weatherf.swift */,
				E123418F2252702300591936 /* location.swift */,
			);
			path = weather;
			sourceTree = "<group>";
		};
/* End PBXGroup section */

/* Begin PBXNativeTarget section */
		E1193CAA222ECB6B00FFA98C /* weather */ = {
			isa = PBXNativeTarget;
			buildConfigurationList = E1193CBD222ECB6C00FFA98C /* Build configuration list for PBXNativeTarget "weather" */;
			buildPhases = (
				DC678408DA01C3A29170F700 /* [CP] Check Pods Manifest.lock */,
				E1193CA7222ECB6B00FFA98C /* Sources */,
				E1193CA8222ECB6B00FFA98C /* Frameworks */,
				E1193CA9222ECB6B00FFA98C /* Resources */,
				8FBDE1D7B0A6C8668E9519BD /* [CP] Embed Pods Frameworks */,
			);
			buildRules = (
			);
			dependencies = (
			);
			name = weather;
			productName = weather;
			productReference = E1193CAB222ECB6B00FFA98C /* weather.app */;
			productType = "com.apple.product-type.application";
		};
/* End PBXNativeTarget section */

/* Begin PBXProject section */
		E1193CA3222ECB6B00FFA98C /* Project object */ = {
			isa = PBXProject;
			attributes = {
				LastSwiftUpdateCheck = 1010;
				LastUpgradeCheck = 1010;
				ORGANIZATIONNAME = RuotongX;
				TargetAttributes = {
					E1193CAA222ECB6B00FFA98C = {
						CreatedOnToolsVersion = 10.1;
					};
				};
			};
			buildConfigurationList = E1193CA6222ECB6B00FFA98C /* Build configuration list for PBXProject "weather" */;
			compatibilityVersion = "Xcode 9.3";
			developmentRegion = en;
			hasScannedForEncodings = 0;
			knownRegions = (
				en,
				Base,
			);
			mainGroup = E1193CA2222ECB6B00FFA98C;
			productRefGroup = E1193CAC222ECB6B00FFA98C /* Products */;
			projectDirPath = "";
			projectRoot = "";
			targets = (
				E1193CAA222ECB6B00FFA98C /* weather */,
			);
		};
/* End PBXProject section */

/* Begin PBXResourcesBuildPhase section */
		E1193CA9222ECB6B00FFA98C /* Resources */ = {
			isa = PBXResourcesBuildPhase;
			buildActionMask = 2147483647;
			files = (
				E1193CB9222ECB6C00FFA98C /* LaunchScreen.storyboard in Resources */,
				E1193CB6222ECB6C00FFA98C /* Assets.xcassets in Resources */,
				E1193CB4222ECB6B00FFA98C /* Main.storyboard in Resources */,
			);
			runOnlyForDeploymentPostprocessing = 0;
		};
/* End PBXResourcesBuildPhase section */

/* Begin PBXShellScriptBuildPhase section */
		8FBDE1D7B0A6C8668E9519BD /* [CP] Embed Pods Frameworks */ = {
			isa = PBXShellScriptBuildPhase;
			buildActionMask = 2147483647;
			files = (
			);
			inputFileListPaths = (
			);
			inputPaths = (
				"${PODS_ROOT}/Target Support Files/Pods-weather/Pods-weather-frameworks.sh",
				"${BUILT_PRODUCTS_DIR}/Alamofire/Alamofire.framework",
				"${BUILT_PRODUCTS_DIR}/NVActivityIndicatorView/NVActivityIndicatorView.framework",
				"${BUILT_PRODUCTS_DIR}/SwiftyJSON/SwiftyJSON.framework",
			);
			name = "[CP] Embed Pods Frameworks";
			outputFileListPaths = (
			);
			outputPaths = (
				"${TARGET_BUILD_DIR}/${FRAMEWORKS_FOLDER_PATH}/Alamofire.framework",
				"${TARGET_BUILD_DIR}/${FRAMEWORKS_FOLDER_PATH}/NVActivityIndicatorView.framework",
				"${TARGET_BUILD_DIR}/${FRAMEWORKS_FOLDER_PATH}/SwiftyJSON.framework",
			);
			runOnlyForDeploymentPostprocessing = 0;
			shellPath = /bin/sh;
			shellScript = "\"${PODS_ROOT}/Target Support Files/Pods-weather/Pods-weather-frameworks.sh\"\n";
			showEnvVarsInLog = 0;
		};
		DC678408DA01C3A29170F700 /* [CP] Check Pods Manifest.lock */ = {
			isa = PBXShellScriptBuildPhase;
			buildActionMask = 2147483647;
			files = (
			);
			inputFileListPaths = (
			);
			inputPaths = (
				"${PODS_PODFILE_DIR_PATH}/Podfile.lock",
				"${PODS_ROOT}/Manifest.lock",
			);
			name = "[CP] Check Pods Manifest.lock";
			outputFileListPaths = (
			);
			outputPaths = (
				"$(DERIVED_FILE_DIR)/Pods-weather-checkManifestLockResult.txt",
			);
			runOnlyForDeploymentPostprocessing = 0;
			shellPath = /bin/sh;
			shellScript = "diff \"${PODS_PODFILE_DIR_PATH}/Podfile.lock\" \"${PODS_ROOT}/Manifest.lock\" > /dev/null\nif [ $? != 0 ] ; then\n    # print error to STDERR\n    echo \"error: The sandbox is not in sync with the Podfile.lock. Run 'pod install' or update your CocoaPods installation.\" >&2\n    exit 1\nfi\n# This output is used by Xcode 'outputs' to avoid re-running this script phase.\necho \"SUCCESS\" > \"${SCRIPT_OUTPUT_FILE_0}\"\n";
			showEnvVarsInLog = 0;
		};
/* End PBXShellScriptBuildPhase section */

/* Begin PBXSourcesBuildPhase section */
		E1193CA7222ECB6B00FFA98C /* Sources */ = {
			isa = PBXSourcesBuildPhase;
			buildActionMask = 2147483647;
			files = (
				E1193CB1222ECB6B00FFA98C /* ViewController.swift in Sources */,
				E123418E2252702300591936 /* weatherf.swift in Sources */,
				E12341902252702300591936 /* location.swift in Sources */,
				E12F1B9E22476CA800B99338 /* TableCellTableViewCell.swift in Sources */,
				E1193CAF222ECB6B00FFA98C /* AppDelegate.swift in Sources */,
				E124D0C1224AE4E60025CCB0 /* secondViewController.swift in Sources */,
				E1CBF4A32248A84C0083C63B /* TableViewController.swift in Sources */,
			);
			runOnlyForDeploymentPostprocessing = 0;
		};
/* End PBXSourcesBuildPhase section */

/* Begin PBXVariantGroup section */
		E1193CB2222ECB6B00FFA98C /* Main.storyboard */ = {
			isa = PBXVariantGroup;
			children = (
				E1193CB3222ECB6B00FFA98C /* Base */,
			);
			name = Main.storyboard;
			sourceTree = "<group>";
		};
		E1193CB7222ECB6C00FFA98C /* LaunchScreen.storyboard */ = {
			isa = PBXVariantGroup;
			children = (
				E1193CB8222ECB6C00FFA98C /* Base */,
			);
			name = LaunchScreen.storyboard;
			sourceTree = "<group>";
		};
/* End PBXVariantGroup section */

/* Begin XCBuildConfiguration section */
		E1193CBB222ECB6C00FFA98C /* Debug */ = {
			isa = XCBuildConfiguration;
			buildSettings = {
				ALWAYS_SEARCH_USER_PATHS = NO;
				CLANG_ANALYZER_NONNULL = YES;
				CLANG_ANALYZER_NUMBER_OBJECT_CONVERSION = YES_AGGRESSIVE;
				CLANG_CXX_LANGUAGE_STANDARD = "gnu++14";
				CLANG_CXX_LIBRARY = "libc++";
				CLANG_ENABLE_MODULES = YES;
				CLANG_ENABLE_OBJC_ARC = YES;
				CLANG_ENABLE_OBJC_WEAK = YES;
				CLANG_WARN_BLOCK_CAPTURE_AUTORELEASING = YES;
				CLANG_WARN_BOOL_CONVERSION = YES;
				CLANG_WARN_COMMA = YES;
				CLANG_WARN_CONSTANT_CONVERSION = YES;
				CLANG_WARN_DEPRECATED_OBJC_IMPLEMENTATIONS = YES;
				CLANG_WARN_DIRECT_OBJC_ISA_USAGE = YES_ERROR;
				CLANG_WARN_DOCUMENTATION_COMMENTS = YES;
				CLANG_WARN_EMPTY_BODY = YES;
				CLANG_WARN_ENUM_CONVERSION = YES;
				CLANG_WARN_INFINITE_RECURSION = YES;
				CLANG_WARN_INT_CONVERSION = YES;
				CLANG_WARN_NON_LITERAL_NULL_CONVERSION = YES;
				CLANG_WARN_OBJC_IMPLICIT_RETAIN_SELF = YES;
				CLANG_WARN_OBJC_LITERAL_CONVERSION = YES;
				CLANG_WARN_OBJC_ROOT_CLASS = YES_ERROR;
				CLANG_WARN_RANGE_LOOP_ANALYSIS = YES;
				CLANG_WARN_STRICT_PROTOTYPES = YES;
				CLANG_WARN_SUSPICIOUS_MOVE = YES;
				CLANG_WARN_UNGUARDED_AVAILABILITY = YES_AGGRESSIVE;
				CLANG_WARN_UNREACHABLE_CODE = YES;
				CLANG_WARN__DUPLICATE_METHOD_MATCH = YES;
				CODE_SIGN_IDENTITY = "iPhone Developer";
				COPY_PHASE_STRIP = NO;
				DEBUG_INFORMATION_FORMAT = dwarf;
				ENABLE_STRICT_OBJC_MSGSEND = YES;
				ENABLE_TESTABILITY = YES;
				GCC_C_LANGUAGE_STANDARD = gnu11;
				GCC_DYNAMIC_NO_PIC = NO;
				GCC_NO_COMMON_BLOCKS = YES;
				GCC_OPTIMIZATION_LEVEL = 0;
				GCC_PREPROCESSOR_DEFINITIONS = (
					"DEBUG=1",
					"$(inherited)",
				);
				GCC_WARN_64_TO_32_BIT_CONVERSION = YES;
				GCC_WARN_ABOUT_RETURN_TYPE = YES_ERROR;
				GCC_WARN_UNDECLARED_SELECTOR = YES;
				GCC_WARN_UNINITIALIZED_AUTOS = YES_AGGRESSIVE;
				GCC_WARN_UNUSED_FUNCTION = YES;
				GCC_WARN_UNUSED_VARIABLE = YES;
				IPHONEOS_DEPLOYMENT_TARGET = 12.1;
				MTL_ENABLE_DEBUG_INFO = INCLUDE_SOURCE;
				MTL_FAST_MATH = YES;
				ONLY_ACTIVE_ARCH = YES;
				SDKROOT = iphoneos;
				SWIFT_ACTIVE_COMPILATION_CONDITIONS = DEBUG;
				SWIFT_OPTIMIZATION_LEVEL = "-Onone";
				SWIFT_REFLECTION_METADATA_LEVEL = none;
			};
			name = Debug;
		};
		E1193CBC222ECB6C00FFA98C /* Release */ = {
			isa = XCBuildConfiguration;
			buildSettings = {
				ALWAYS_SEARCH_USER_PATHS = NO;
				CLANG_ANALYZER_NONNULL = YES;
				CLANG_ANALYZER_NUMBER_OBJECT_CONVERSION = YES_AGGRESSIVE;
				CLANG_CXX_LANGUAGE_STANDARD = "gnu++14";
				CLANG_CXX_LIBRARY = "libc++";
				CLANG_ENABLE_MODULES = YES;
				CLANG_ENABLE_OBJC_ARC = YES;
				CLANG_ENABLE_OBJC_WEAK = YES;
				CLANG_WARN_BLOCK_CAPTURE_AUTORELEASING = YES;
				CLANG_WARN_BOOL_CONVERSION = YES;
				CLANG_WARN_COMMA = YES;
				CLANG_WARN_CONSTANT_CONVERSION = YES;
				CLANG_WARN_DEPRECATED_OBJC_IMPLEMENTATIONS = YES;
				CLANG_WARN_DIRECT_OBJC_ISA_USAGE = YES_ERROR;
				CLANG_WARN_DOCUMENTATION_COMMENTS = YES;
				CLANG_WARN_EMPTY_BODY = YES;
				CLANG_WARN_ENUM_CONVERSION = YES;
				CLANG_WARN_INFINITE_RECURSION = YES;
				CLANG_WARN_INT_CONVERSION = YES;
				CLANG_WARN_NON_LITERAL_NULL_CONVERSION = YES;
				CLANG_WARN_OBJC_IMPLICIT_RETAIN_SELF = YES;
				CLANG_WARN_OBJC_LITERAL_CONVERSION = YES;
				CLANG_WARN_OBJC_ROOT_CLASS = YES_ERROR;
				CLANG_WARN_RANGE_LOOP_ANALYSIS = YES;
				CLANG_WARN_STRICT_PROTOTYPES = YES;
				CLANG_WARN_SUSPICIOUS_MOVE = YES;
				CLANG_WARN_UNGUARDED_AVAILABILITY = YES_AGGRESSIVE;
				CLANG_WARN_UNREACHABLE_CODE = YES;
				CLANG_WARN__DUPLICATE_METHOD_MATCH = YES;
				CODE_SIGN_IDENTITY = "iPhone Developer";
				COPY_PHASE_STRIP = NO;
				DEBUG_INFORMATION_FORMAT = "dwarf-with-dsym";
				ENABLE_NS_ASSERTIONS = NO;
				ENABLE_STRICT_OBJC_MSGSEND = YES;
				GCC_C_LANGUAGE_STANDARD = gnu11;
				GCC_NO_COMMON_BLOCKS = YES;
				GCC_WARN_64_TO_32_BIT_CONVERSION = YES;
				GCC_WARN_ABOUT_RETURN_TYPE = YES_ERROR;
				GCC_WARN_UNDECLARED_SELECTOR = YES;
				GCC_WARN_UNINITIALIZED_AUTOS = YES_AGGRESSIVE;
				GCC_WARN_UNUSED_FUNCTION = YES;
				GCC_WARN_UNUSED_VARIABLE = YES;
				IPHONEOS_DEPLOYMENT_TARGET = 12.1;
				MTL_ENABLE_DEBUG_INFO = NO;
				MTL_FAST_MATH = YES;
				SDKROOT = iphoneos;
				SWIFT_COMPILATION_MODE = wholemodule;
				SWIFT_OPTIMIZATION_LEVEL = "-O";
				SWIFT_REFLECTION_METADATA_LEVEL = none;
				VALIDATE_PRODUCT = YES;
			};
			name = Release;
		};
		E1193CBE222ECB6C00FFA98C /* Debug */ = {
			isa = XCBuildConfiguration;
			baseConfigurationReference = AEBBD61486E015CFB63C8FCD /* Pods-weather.debug.xcconfig */;
			buildSettings = {
				ASSETCATALOG_COMPILER_APPICON_NAME = AppIcon;
				CODE_SIGN_STYLE = Automatic;
				DEVELOPMENT_TEAM = NSSMPHWC2A;
				INFOPLIST_FILE = weather/Info.plist;
				LD_RUNPATH_SEARCH_PATHS = (
					"$(inherited)",
					"@executable_path/Frameworks",
				);
				PRODUCT_BUNDLE_IDENTIFIER = com.weather.ruotongtest;
				PRODUCT_NAME = "$(TARGET_NAME)";
				SWIFT_VERSION = 4.2;
				TARGETED_DEVICE_FAMILY = "1,2";
			};
			name = Debug;
		};
		E1193CBF222ECB6C00FFA98C /* Release */ = {
			isa = XCBuildConfiguration;
			baseConfigurationReference = E6FA51BE426EF4885EFBA5D9 /* Pods-weather.release.xcconfig */;
			buildSettings = {
				ASSETCATALOG_COMPILER_APPICON_NAME = AppIcon;
				CODE_SIGN_STYLE = Automatic;
				DEVELOPMENT_TEAM = NSSMPHWC2A;
				INFOPLIST_FILE = weather/Info.plist;
				LD_RUNPATH_SEARCH_PATHS = (
					"$(inherited)",
					"@executable_path/Frameworks",
				);
				PRODUCT_BUNDLE_IDENTIFIER = com.weather.ruotongtest;
				PRODUCT_NAME = "$(TARGET_NAME)";
				SWIFT_VERSION = 4.2;
				TARGETED_DEVICE_FAMILY = "1,2";
			};
			name = Release;
		};
/* End XCBuildConfiguration section */

/* Begin XCConfigurationList section */
		E1193CA6222ECB6B00FFA98C /* Build configuration list for PBXProject "weather" */ = {
			isa = XCConfigurationList;
			buildConfigurations = (
				E1193CBB222ECB6C00FFA98C /* Debug */,
				E1193CBC222ECB6C00FFA98C /* Release */,
			);
			defaultConfigurationIsVisible = 0;
			defaultConfigurationName = Release;
		};
		E1193CBD222ECB6C00FFA98C /* Build configuration list for PBXNativeTarget "weather" */ = {
			isa = XCConfigurationList;
			buildConfigurations = (
				E1193CBE222ECB6C00FFA98C /* Debug */,
				E1193CBF222ECB6C00FFA98C /* Release */,
			);
			defaultConfigurationIsVisible = 0;
			defaultConfigurationName = Release;
		};
/* End XCConfigurationList section */
	};
	rootObject = E1193CA3222ECB6B00FFA98C /* Project object */;
}
